
Microsoft Visual Studio Solution File, Format Version 12.00
# Visual Studio Version 16
VisualStudioVersion = 16.0.31410.357
MinimumVisualStudioVersion = 10.0.40219.1
Project("{FAE04EC0-301F-11D3-BF4B-00C04F79EFBC}") = "jarnikuv-primuv-alg", "jarnikuv-primuv-alg\jarnikuv-primuv-alg.csproj", "{8229C7A2-B335-48C2-962D-B05AB4640FC4}"
EndProject
Global
	GlobalSection(SolutionConfigurationPlatforms) = preSolution
		Debug|Any CPU = Debug|Any CPU
		Release|Any CPU = Release|Any CPU
	EndGlobalSection
	GlobalSection(ProjectConfigurationPlatforms) = postSolution
		{8229C7A2-B335-48C2-962D-B05AB4640FC4}.Debug|Any CPU.ActiveCfg = Debug|Any CPU
		{8229C7A2-B335-48C2-962D-B05AB4640FC4}.Debug|Any CPU.Build.0 = Debug|Any CPU
		{8229C7A2-B335-48C2-962D-B05AB4640FC4}.Release|Any CPU.ActiveCfg = Release|Any CPU
		{8229C7A2-B335-48C2-962D-B05AB4640FC4}.Release|Any CPU.Build.0 = Release|Any CPU
	EndGlobalSection
	GlobalSection(SolutionProperties) = preSolution
		HideSolutionNode = FALSE
	EndGlobalSection
	GlobalSection(ExtensibilityGlobals) = postSolution
		SolutionGuid = {7760E9A6-8DD0-40FA-B557-581AB8ED591C}
	EndGlobalSection
EndGlobal
